// !$*UTF8*$!
{
	archiveVersion = 1;
	classes = {
	};
	objectVersion = 50;
	objects = {

/* Begin PBXBuildFile section */
		8CB25D2F222B52FB00E76BE0 /* AppDelegate.swift in Sources */ = {isa = PBXBuildFile; fileRef = 8CB25D2E222B52FB00E76BE0 /* AppDelegate.swift */; };
		8CB25D31222B52FB00E76BE0 /* ViewController.swift in Sources */ = {isa = PBXBuildFile; fileRef = 8CB25D30222B52FB00E76BE0 /* ViewController.swift */; };
		8CB25D34222B52FB00E76BE0 /* Main.storyboard in Resources */ = {isa = PBXBuildFile; fileRef = 8CB25D32222B52FB00E76BE0 /* Main.storyboard */; };
		8CB25D36222B52FB00E76BE0 /* Assets.xcassets in Resources */ = {isa = PBXBuildFile; fileRef = 8CB25D35222B52FB00E76BE0 /* Assets.xcassets */; };
		8CB25D39222B52FB00E76BE0 /* LaunchScreen.storyboard in Resources */ = {isa = PBXBuildFile; fileRef = 8CB25D37222B52FB00E76BE0 /* LaunchScreen.storyboard */; };
		8CB25D3E222B52FB00E76BE0 /* SimpleBattery WatchKit App.app in Embed Watch Content */ = {isa = PBXBuildFile; fileRef = 8CB25D3D222B52FB00E76BE0 /* SimpleBattery WatchKit App.app */; };
		8CB25D44222B52FB00E76BE0 /* Interface.storyboard in Resources */ = {isa = PBXBuildFile; fileRef = 8CB25D42222B52FB00E76BE0 /* Interface.storyboard */; };
		8CB25D46222B52FC00E76BE0 /* Assets.xcassets in Resources */ = {isa = PBXBuildFile; fileRef = 8CB25D45222B52FC00E76BE0 /* Assets.xcassets */; };
		8CB25D4D222B52FC00E76BE0 /* SimpleBattery WatchKit Extension.appex in Embed App Extensions */ = {isa = PBXBuildFile; fileRef = 8CB25D4C222B52FC00E76BE0 /* SimpleBattery WatchKit Extension.appex */; settings = {ATTRIBUTES = (RemoveHeadersOnCopy, ); }; };
		8CB25D52222B52FC00E76BE0 /* InterfaceController.swift in Sources */ = {isa = PBXBuildFile; fileRef = 8CB25D51222B52FC00E76BE0 /* InterfaceController.swift */; };
		8CB25D54222B52FC00E76BE0 /* ExtensionDelegate.swift in Sources */ = {isa = PBXBuildFile; fileRef = 8CB25D53222B52FC00E76BE0 /* ExtensionDelegate.swift */; };
		8CB25D56222B52FC00E76BE0 /* ComplicationController.swift in Sources */ = {isa = PBXBuildFile; fileRef = 8CB25D55222B52FC00E76BE0 /* ComplicationController.swift */; };
		8CB25D58222B52FC00E76BE0 /* Assets.xcassets in Resources */ = {isa = PBXBuildFile; fileRef = 8CB25D57222B52FC00E76BE0 /* Assets.xcassets */; };
/* End PBXBuildFile section */

/* Begin PBXContainerItemProxy section */
		8CB25D3F222B52FB00E76BE0 /* PBXContainerItemProxy */ = {
			isa = PBXContainerItemProxy;
			containerPortal = 8CB25D23222B52FB00E76BE0 /* Project object */;
			proxyType = 1;
			remoteGlobalIDString = 8CB25D3C222B52FB00E76BE0;
			remoteInfo = "SimpleBattery WatchKit App";
		};
		8CB25D4E222B52FC00E76BE0 /* PBXContainerItemProxy */ = {
			isa = PBXContainerItemProxy;
			containerPortal = 8CB25D23222B52FB00E76BE0 /* Project object */;
			proxyType = 1;
			remoteGlobalIDString = 8CB25D4B222B52FC00E76BE0;
			remoteInfo = "SimpleBattery WatchKit Extension";
		};
/* End PBXContainerItemProxy section */

/* Begin PBXCopyFilesBuildPhase section */
		8CB25D5F222B52FC00E76BE0 /* Embed App Extensions */ = {
			isa = PBXCopyFilesBuildPhase;
			buildActionMask = 2147483647;
			dstPath = "";
			dstSubfolderSpec = 13;
			files = (
				8CB25D4D222B52FC00E76BE0 /* SimpleBattery WatchKit Extension.appex in Embed App Extensions */,
			);
			name = "Embed App Extensions";
			runOnlyForDeploymentPostprocessing = 0;
		};
		8CB25D63222B52FC00E76BE0 /* Embed Watch Content */ = {
			isa = PBXCopyFilesBuildPhase;
			buildActionMask = 2147483647;
			dstPath = "$(CONTENTS_FOLDER_PATH)/Watch";
			dstSubfolderSpec = 16;
			files = (
				8CB25D3E222B52FB00E76BE0 /* SimpleBattery WatchKit App.app in Embed Watch Content */,
			);
			name = "Embed Watch Content";
			runOnlyForDeploymentPostprocessing = 0;
		};
/* End PBXCopyFilesBuildPhase section */

/* Begin PBXFileReference section */
		8CB25D2B222B52FB00E76BE0 /* SimpleBattery.app */ = {isa = PBXFileReference; explicitFileType = wrapper.application; includeInIndex = 0; path = SimpleBattery.app; sourceTree = BUILT_PRODUCTS_DIR; };
		8CB25D2E222B52FB00E76BE0 /* AppDelegate.swift */ = {isa = PBXFileReference; lastKnownFileType = sourcecode.swift; path = AppDelegate.swift; sourceTree = "<group>"; };
		8CB25D30222B52FB00E76BE0 /* ViewController.swift */ = {isa = PBXFileReference; lastKnownFileType = sourcecode.swift; path = ViewController.swift; sourceTree = "<group>"; };
		8CB25D33222B52FB00E76BE0 /* Base */ = {isa = PBXFileReference; lastKnownFileType = file.storyboard; name = Base; path = Base.lproj/Main.storyboard; sourceTree = "<group>"; };
		8CB25D35222B52FB00E76BE0 /* Assets.xcassets */ = {isa = PBXFileReference; lastKnownFileType = folder.assetcatalog; path = Assets.xcassets; sourceTree = "<group>"; };
		8CB25D38222B52FB00E76BE0 /* Base */ = {isa = PBXFileReference; lastKnownFileType = file.storyboard; name = Base; path = Base.lproj/LaunchScreen.storyboard; sourceTree = "<group>"; };
		8CB25D3A222B52FB00E76BE0 /* Info.plist */ = {isa = PBXFileReference; lastKnownFileType = text.plist.xml; path = Info.plist; sourceTree = "<group>"; };
		8CB25D3D222B52FB00E76BE0 /* SimpleBattery WatchKit App.app */ = {isa = PBXFileReference; explicitFileType = wrapper.application; includeInIndex = 0; path = "SimpleBattery WatchKit App.app"; sourceTree = BUILT_PRODUCTS_DIR; };
		8CB25D43222B52FB00E76BE0 /* Base */ = {isa = PBXFileReference; lastKnownFileType = file.storyboard; name = Base; path = Base.lproj/Interface.storyboard; sourceTree = "<group>"; };
		8CB25D45222B52FC00E76BE0 /* Assets.xcassets */ = {isa = PBXFileReference; lastKnownFileType = folder.assetcatalog; path = Assets.xcassets; sourceTree = "<group>"; };
		8CB25D47222B52FC00E76BE0 /* Info.plist */ = {isa = PBXFileReference; lastKnownFileType = text.plist.xml; path = Info.plist; sourceTree = "<group>"; };
		8CB25D4C222B52FC00E76BE0 /* SimpleBattery WatchKit Extension.appex */ = {isa = PBXFileReference; explicitFileType = "wrapper.app-extension"; includeInIndex = 0; path = "SimpleBattery WatchKit Extension.appex"; sourceTree = BUILT_PRODUCTS_DIR; };
		8CB25D51222B52FC00E76BE0 /* InterfaceController.swift */ = {isa = PBXFileReference; lastKnownFileType = sourcecode.swift; path = InterfaceController.swift; sourceTree = "<group>"; };
		8CB25D53222B52FC00E76BE0 /* ExtensionDelegate.swift */ = {isa = PBXFileReference; lastKnownFileType = sourcecode.swift; path = ExtensionDelegate.swift; sourceTree = "<group>"; };
		8CB25D55222B52FC00E76BE0 /* ComplicationController.swift */ = {isa = PBXFileReference; lastKnownFileType = sourcecode.swift; path = ComplicationController.swift; sourceTree = "<group>"; };
		8CB25D57222B52FC00E76BE0 /* Assets.xcassets */ = {isa = PBXFileReference; lastKnownFileType = folder.assetcatalog; path = Assets.xcassets; sourceTree = "<group>"; };
		8CB25D59222B52FC00E76BE0 /* Info.plist */ = {isa = PBXFileReference; lastKnownFileType = text.plist.xml; path = Info.plist; sourceTree = "<group>"; };
/* End PBXFileReference section */

/* Begin PBXFrameworksBuildPhase section */
		8CB25D28222B52FB00E76BE0 /* Frameworks */ = {
			isa = PBXFrameworksBuildPhase;
			buildActionMask = 2147483647;
			files = (
			);
			runOnlyForDeploymentPostprocessing = 0;
		};
		8CB25D49222B52FC00E76BE0 /* Frameworks */ = {
			isa = PBXFrameworksBuildPhase;
			buildActionMask = 2147483647;
			files = (
			);
			runOnlyForDeploymentPostprocessing = 0;
		};
/* End PBXFrameworksBuildPhase section */

/* Begin PBXGroup section */
		8CB25D22222B52FB00E76BE0 = {
			isa = PBXGroup;
			children = (
				8CB25D2D222B52FB00E76BE0 /* SimpleBattery */,
				8CB25D41222B52FB00E76BE0 /* SimpleBattery WatchKit App */,
				8CB25D50222B52FC00E76BE0 /* SimpleBattery WatchKit Extension */,
				8CB25D2C222B52FB00E76BE0 /* Products */,
			);
			sourceTree = "<group>";
		};
		8CB25D2C222B52FB00E76BE0 /* Products */ = {
			isa = PBXGroup;
			children = (
				8CB25D2B222B52FB00E76BE0 /* SimpleBattery.app */,
				8CB25D3D222B52FB00E76BE0 /* SimpleBattery WatchKit App.app */,
				8CB25D4C222B52FC00E76BE0 /* SimpleBattery WatchKit Extension.appex */,
			);
			name = Products;
			sourceTree = "<group>";
		};
		8CB25D2D222B52FB00E76BE0 /* SimpleBattery */ = {
			isa = PBXGroup;
			children = (
				8CB25D2E222B52FB00E76BE0 /* AppDelegate.swift */,
				8CB25D30222B52FB00E76BE0 /* ViewController.swift */,
				8CB25D32222B52FB00E76BE0 /* Main.storyboard */,
				8CB25D35222B52FB00E76BE0 /* Assets.xcassets */,
				8CB25D37222B52FB00E76BE0 /* LaunchScreen.storyboard */,
				8CB25D3A222B52FB00E76BE0 /* Info.plist */,
			);
			path = SimpleBattery;
			sourceTree = "<group>";
		};
		8CB25D41222B52FB00E76BE0 /* SimpleBattery WatchKit App */ = {
			isa = PBXGroup;
			children = (
				8CB25D42222B52FB00E76BE0 /* Interface.storyboard */,
				8CB25D45222B52FC00E76BE0 /* Assets.xcassets */,
				8CB25D47222B52FC00E76BE0 /* Info.plist */,
			);
			path = "SimpleBattery WatchKit App";
			sourceTree = "<group>";
		};
		8CB25D50222B52FC00E76BE0 /* SimpleBattery WatchKit Extension */ = {
			isa = PBXGroup;
			children = (
				8CB25D51222B52FC00E76BE0 /* InterfaceController.swift */,
				8CB25D53222B52FC00E76BE0 /* ExtensionDelegate.swift */,
				8CB25D55222B52FC00E76BE0 /* ComplicationController.swift */,
				8CB25D57222B52FC00E76BE0 /* Assets.xcassets */,
				8CB25D59222B52FC00E76BE0 /* Info.plist */,
			);
			path = "SimpleBattery WatchKit Extension";
			sourceTree = "<group>";
		};
/* End PBXGroup section */

/* Begin PBXNativeTarget section */
		8CB25D2A222B52FB00E76BE0 /* SimpleBattery */ = {
			isa = PBXNativeTarget;
			buildConfigurationList = 8CB25D64222B52FC00E76BE0 /* Build configuration list for PBXNativeTarget "SimpleBattery" */;
			buildPhases = (
				8CB25D27222B52FB00E76BE0 /* Sources */,
				8CB25D28222B52FB00E76BE0 /* Frameworks */,
				8CB25D29222B52FB00E76BE0 /* Resources */,
				8CB25D63222B52FC00E76BE0 /* Embed Watch Content */,
			);
			buildRules = (
			);
			dependencies = (
				8CB25D40222B52FB00E76BE0 /* PBXTargetDependency */,
			);
			name = SimpleBattery;
			productName = SimpleBattery;
			productReference = 8CB25D2B222B52FB00E76BE0 /* SimpleBattery.app */;
			productType = "com.apple.product-type.application";
		};
		8CB25D3C222B52FB00E76BE0 /* SimpleBattery WatchKit App */ = {
			isa = PBXNativeTarget;
			buildConfigurationList = 8CB25D60222B52FC00E76BE0 /* Build configuration list for PBXNativeTarget "SimpleBattery WatchKit App" */;
			buildPhases = (
				8CB25D3B222B52FB00E76BE0 /* Resources */,
				8CB25D5F222B52FC00E76BE0 /* Embed App Extensions */,
			);
			buildRules = (
			);
			dependencies = (
				8CB25D4F222B52FC00E76BE0 /* PBXTargetDependency */,
			);
			name = "SimpleBattery WatchKit App";
			productName = "SimpleBattery WatchKit App";
			productReference = 8CB25D3D222B52FB00E76BE0 /* SimpleBattery WatchKit App.app */;
			productType = "com.apple.product-type.application.watchapp2";
		};
		8CB25D4B222B52FC00E76BE0 /* SimpleBattery WatchKit Extension */ = {
			isa = PBXNativeTarget;
			buildConfigurationList = 8CB25D5C222B52FC00E76BE0 /* Build configuration list for PBXNativeTarget "SimpleBattery WatchKit Extension" */;
			buildPhases = (
				8CB25D48222B52FC00E76BE0 /* Sources */,
				8CB25D49222B52FC00E76BE0 /* Frameworks */,
				8CB25D4A222B52FC00E76BE0 /* Resources */,
			);
			buildRules = (
			);
			dependencies = (
			);
			name = "SimpleBattery WatchKit Extension";
			productName = "SimpleBattery WatchKit Extension";
			productReference = 8CB25D4C222B52FC00E76BE0 /* SimpleBattery WatchKit Extension.appex */;
			productType = "com.apple.product-type.watchkit2-extension";
		};
/* End PBXNativeTarget section */

/* Begin PBXProject section */
		8CB25D23222B52FB00E76BE0 /* Project object */ = {
			isa = PBXProject;
			attributes = {
				LastSwiftUpdateCheck = 1020;
				LastUpgradeCheck = 1020;
				ORGANIZATIONNAME = "Jordan Koch";
				TargetAttributes = {
					8CB25D2A222B52FB00E76BE0 = {
						CreatedOnToolsVersion = 10.2;
					};
					8CB25D3C222B52FB00E76BE0 = {
						CreatedOnToolsVersion = 10.2;
					};
					8CB25D4B222B52FC00E76BE0 = {
						CreatedOnToolsVersion = 10.2;
					};
				};
			};
			buildConfigurationList = 8CB25D26222B52FB00E76BE0 /* Build configuration list for PBXProject "SimpleBattery" */;
			compatibilityVersion = "Xcode 9.3";
			developmentRegion = en;
			hasScannedForEncodings = 0;
			knownRegions = (
				en,
				Base,
			);
			mainGroup = 8CB25D22222B52FB00E76BE0;
			productRefGroup = 8CB25D2C222B52FB00E76BE0 /* Products */;
			projectDirPath = "";
			projectRoot = "";
			targets = (
				8CB25D2A222B52FB00E76BE0 /* SimpleBattery */,
				8CB25D3C222B52FB00E76BE0 /* SimpleBattery WatchKit App */,
				8CB25D4B222B52FC00E76BE0 /* SimpleBattery WatchKit Extension */,
			);
		};
/* End PBXProject section */

/* Begin PBXResourcesBuildPhase section */
		8CB25D29222B52FB00E76BE0 /* Resources */ = {
			isa = PBXResourcesBuildPhase;
			buildActionMask = 2147483647;
			files = (
				8CB25D39222B52FB00E76BE0 /* LaunchScreen.storyboard in Resources */,
				8CB25D36222B52FB00E76BE0 /* Assets.xcassets in Resources */,
				8CB25D34222B52FB00E76BE0 /* Main.storyboard in Resources */,
			);
			runOnlyForDeploymentPostprocessing = 0;
		};
		8CB25D3B222B52FB00E76BE0 /* Resources */ = {
			isa = PBXResourcesBuildPhase;
			buildActionMask = 2147483647;
			files = (
				8CB25D46222B52FC00E76BE0 /* Assets.xcassets in Resources */,
				8CB25D44222B52FB00E76BE0 /* Interface.storyboard in Resources */,
			);
			runOnlyForDeploymentPostprocessing = 0;
		};
		8CB25D4A222B52FC00E76BE0 /* Resources */ = {
			isa = PBXResourcesBuildPhase;
			buildActionMask = 2147483647;
			files = (
				8CB25D58222B52FC00E76BE0 /* Assets.xcassets in Resources */,
			);
			runOnlyForDeploymentPostprocessing = 0;
		};
/* End PBXResourcesBuildPhase section */

/* Begin PBXSourcesBuildPhase section */
		8CB25D27222B52FB00E76BE0 /* Sources */ = {
			isa = PBXSourcesBuildPhase;
			buildActionMask = 2147483647;
			files = (
				8CB25D31222B52FB00E76BE0 /* ViewController.swift in Sources */,
				8CB25D2F222B52FB00E76BE0 /* AppDelegate.swift in Sources */,
			);
			runOnlyForDeploymentPostprocessing = 0;
		};
		8CB25D48222B52FC00E76BE0 /* Sources */ = {
			isa = PBXSourcesBuildPhase;
			buildActionMask = 2147483647;
			files = (
				8CB25D54222B52FC00E76BE0 /* ExtensionDelegate.swift in Sources */,
				8CB25D52222B52FC00E76BE0 /* InterfaceController.swift in Sources */,
				8CB25D56222B52FC00E76BE0 /* ComplicationController.swift in Sources */,
			);
			runOnlyForDeploymentPostprocessing = 0;
		};
/* End PBXSourcesBuildPhase section */

/* Begin PBXTargetDependency section */
		8CB25D40222B52FB00E76BE0 /* PBXTargetDependency */ = {
			isa = PBXTargetDependency;
			target = 8CB25D3C222B52FB00E76BE0 /* SimpleBattery WatchKit App */;
			targetProxy = 8CB25D3F222B52FB00E76BE0 /* PBXContainerItemProxy */;
		};
		8CB25D4F222B52FC00E76BE0 /* PBXTargetDependency */ = {
			isa = PBXTargetDependency;
			target = 8CB25D4B222B52FC00E76BE0 /* SimpleBattery WatchKit Extension */;
			targetProxy = 8CB25D4E222B52FC00E76BE0 /* PBXContainerItemProxy */;
		};
/* End PBXTargetDependency section */

/* Begin PBXVariantGroup section */
		8CB25D32222B52FB00E76BE0 /* Main.storyboard */ = {
			isa = PBXVariantGroup;
			children = (
				8CB25D33222B52FB00E76BE0 /* Base */,
			);
			name = Main.storyboard;
			sourceTree = "<group>";
		};
		8CB25D37222B52FB00E76BE0 /* LaunchScreen.storyboard */ = {
			isa = PBXVariantGroup;
			children = (
				8CB25D38222B52FB00E76BE0 /* Base */,
			);
			name = LaunchScreen.storyboard;
			sourceTree = "<group>";
		};
		8CB25D42222B52FB00E76BE0 /* Interface.storyboard */ = {
			isa = PBXVariantGroup;
			children = (
				8CB25D43222B52FB00E76BE0 /* Base */,
			);
			name = Interface.storyboard;
			sourceTree = "<group>";
		};
/* End PBXVariantGroup section */

/* Begin XCBuildConfiguration section */
		8CB25D5A222B52FC00E76BE0 /* Debug */ = {
			isa = XCBuildConfiguration;
			buildSettings = {
				ALWAYS_SEARCH_USER_PATHS = NO;
				CLANG_ANALYZER_NONNULL = YES;
				CLANG_ANALYZER_NUMBER_OBJECT_CONVERSION = YES_AGGRESSIVE;
				CLANG_CXX_LANGUAGE_STANDARD = "gnu++14";
				CLANG_CXX_LIBRARY = "libc++";
				CLANG_ENABLE_MODULES = YES;
				CLANG_ENABLE_OBJC_ARC = YES;
				CLANG_ENABLE_OBJC_WEAK = YES;
				CLANG_WARN_BLOCK_CAPTURE_AUTORELEASING = YES;
				CLANG_WARN_BOOL_CONVERSION = YES;
				CLANG_WARN_COMMA = YES;
				CLANG_WARN_CONSTANT_CONVERSION = YES;
				CLANG_WARN_DEPRECATED_OBJC_IMPLEMENTATIONS = YES;
				CLANG_WARN_DIRECT_OBJC_ISA_USAGE = YES_ERROR;
				CLANG_WARN_DOCUMENTATION_COMMENTS = YES;
				CLANG_WARN_EMPTY_BODY = YES;
				CLANG_WARN_ENUM_CONVERSION = YES;
				CLANG_WARN_INFINITE_RECURSION = YES;
				CLANG_WARN_INT_CONVERSION = YES;
				CLANG_WARN_NON_LITERAL_NULL_CONVERSION = YES;
				CLANG_WARN_OBJC_IMPLICIT_RETAIN_SELF = YES;
				CLANG_WARN_OBJC_LITERAL_CONVERSION = YES;
				CLANG_WARN_OBJC_ROOT_CLASS = YES_ERROR;
				CLANG_WARN_RANGE_LOOP_ANALYSIS = YES;
				CLANG_WARN_STRICT_PROTOTYPES = YES;
				CLANG_WARN_SUSPICIOUS_MOVE = YES;
				CLANG_WARN_UNGUARDED_AVAILABILITY = YES_AGGRESSIVE;
				CLANG_WARN_UNREACHABLE_CODE = YES;
				CLANG_WARN__DUPLICATE_METHOD_MATCH = YES;
				CODE_SIGN_IDENTITY = "iPhone Developer";
				COPY_PHASE_STRIP = NO;
				DEBUG_INFORMATION_FORMAT = dwarf;
				ENABLE_STRICT_OBJC_MSGSEND = YES;
				ENABLE_TESTABILITY = YES;
				GCC_C_LANGUAGE_STANDARD = gnu11;
				GCC_DYNAMIC_NO_PIC = NO;
				GCC_NO_COMMON_BLOCKS = YES;
				GCC_OPTIMIZATION_LEVEL = 0;
				GCC_PREPROCESSOR_DEFINITIONS = (
					"DEBUG=1",
					"$(inherited)",
				);
				GCC_WARN_64_TO_32_BIT_CONVERSION = YES;
				GCC_WARN_ABOUT_RETURN_TYPE = YES_ERROR;
				GCC_WARN_UNDECLARED_SELECTOR = YES;
				GCC_WARN_UNINITIALIZED_AUTOS = YES_AGGRESSIVE;
				GCC_WARN_UNUSED_FUNCTION = YES;
				GCC_WARN_UNUSED_VARIABLE = YES;
				IPHONEOS_DEPLOYMENT_TARGET = 12.2;
				MTL_ENABLE_DEBUG_INFO = INCLUDE_SOURCE;
				MTL_FAST_MATH = YES;
				ONLY_ACTIVE_ARCH = YES;
				SDKROOT = iphoneos;
				SWIFT_ACTIVE_COMPILATION_CONDITIONS = DEBUG;
				SWIFT_OPTIMIZATION_LEVEL = "-Onone";
			};
			name = Debug;
		};
		8CB25D5B222B52FC00E76BE0 /* Release */ = {
			isa = XCBuildConfiguration;
			buildSettings = {
				ALWAYS_SEARCH_USER_PATHS = NO;
				CLANG_ANALYZER_NONNULL = YES;
				CLANG_ANALYZER_NUMBER_OBJECT_CONVERSION = YES_AGGRESSIVE;
				CLANG_CXX_LANGUAGE_STANDARD = "gnu++14";
				CLANG_CXX_LIBRARY = "libc++";
				CLANG_ENABLE_MODULES = YES;
				CLANG_ENABLE_OBJC_ARC = YES;
				CLANG_ENABLE_OBJC_WEAK = YES;
				CLANG_WARN_BLOCK_CAPTURE_AUTORELEASING = YES;
				CLANG_WARN_BOOL_CONVERSION = YES;
				CLANG_WARN_COMMA = YES;
				CLANG_WARN_CONSTANT_CONVERSION = YES;
				CLANG_WARN_DEPRECATED_OBJC_IMPLEMENTATIONS = YES;
				CLANG_WARN_DIRECT_OBJC_ISA_USAGE = YES_ERROR;
				CLANG_WARN_DOCUMENTATION_COMMENTS = YES;
				CLANG_WARN_EMPTY_BODY = YES;
				CLANG_WARN_ENUM_CONVERSION = YES;
				CLANG_WARN_INFINITE_RECURSION = YES;
				CLANG_WARN_INT_CONVERSION = YES;
				CLANG_WARN_NON_LITERAL_NULL_CONVERSION = YES;
				CLANG_WARN_OBJC_IMPLICIT_RETAIN_SELF = YES;
				CLANG_WARN_OBJC_LITERAL_CONVERSION = YES;
				CLANG_WARN_OBJC_ROOT_CLASS = YES_ERROR;
				CLANG_WARN_RANGE_LOOP_ANALYSIS = YES;
				CLANG_WARN_STRICT_PROTOTYPES = YES;
				CLANG_WARN_SUSPICIOUS_MOVE = YES;
				CLANG_WARN_UNGUARDED_AVAILABILITY = YES_AGGRESSIVE;
				CLANG_WARN_UNREACHABLE_CODE = YES;
				CLANG_WARN__DUPLICATE_METHOD_MATCH = YES;
				CODE_SIGN_IDENTITY = "iPhone Developer";
				COPY_PHASE_STRIP = NO;
				DEBUG_INFORMATION_FORMAT = "dwarf-with-dsym";
				ENABLE_NS_ASSERTIONS = NO;
				ENABLE_STRICT_OBJC_MSGSEND = YES;
				GCC_C_LANGUAGE_STANDARD = gnu11;
				GCC_NO_COMMON_BLOCKS = YES;
				GCC_WARN_64_TO_32_BIT_CONVERSION = YES;
				GCC_WARN_ABOUT_RETURN_TYPE = YES_ERROR;
				GCC_WARN_UNDECLARED_SELECTOR = YES;
				GCC_WARN_UNINITIALIZED_AUTOS = YES_AGGRESSIVE;
				GCC_WARN_UNUSED_FUNCTION = YES;
				GCC_WARN_UNUSED_VARIABLE = YES;
				IPHONEOS_DEPLOYMENT_TARGET = 12.2;
				MTL_ENABLE_DEBUG_INFO = NO;
				MTL_FAST_MATH = YES;
				SDKROOT = iphoneos;
				SWIFT_COMPILATION_MODE = wholemodule;
				SWIFT_OPTIMIZATION_LEVEL = "-O";
				VALIDATE_PRODUCT = YES;
			};
			name = Release;
		};
		8CB25D5D222B52FC00E76BE0 /* Debug */ = {
			isa = XCBuildConfiguration;
			buildSettings = {
				ASSETCATALOG_COMPILER_COMPLICATION_NAME = Complication;
				CODE_SIGN_STYLE = Automatic;
				DEVELOPMENT_TEAM = 5JAGPKCDD7;
				INFOPLIST_FILE = "SimpleBattery WatchKit Extension/Info.plist";
				LD_RUNPATH_SEARCH_PATHS = (
					"$(inherited)",
					"@executable_path/Frameworks",
					"@executable_path/../../Frameworks",
				);
				PRODUCT_BUNDLE_IDENTIFIER = com.jordankoch.SimpleBattery.watchkitapp.watchkitextension;
				PRODUCT_NAME = "${TARGET_NAME}";
				SDKROOT = watchos;
				SKIP_INSTALL = YES;
				SWIFT_VERSION = 5.0;
				TARGETED_DEVICE_FAMILY = 4;
				WATCHOS_DEPLOYMENT_TARGET = 5.2;
			};
			name = Debug;
		};
		8CB25D5E222B52FC00E76BE0 /* Release */ = {
			isa = XCBuildConfiguration;
			buildSettings = {
				ASSETCATALOG_COMPILER_COMPLICATION_NAME = Complication;
				CODE_SIGN_STYLE = Automatic;
				DEVELOPMENT_TEAM = 5JAGPKCDD7;
				INFOPLIST_FILE = "SimpleBattery WatchKit Extension/Info.plist";
				LD_RUNPATH_SEARCH_PATHS = (
					"$(inherited)",
					"@executable_path/Frameworks",
					"@executable_path/../../Frameworks",
				);
				PRODUCT_BUNDLE_IDENTIFIER = com.jordankoch.SimpleBattery.watchkitapp.watchkitextension;
				PRODUCT_NAME = "${TARGET_NAME}";
				SDKROOT = watchos;
				SKIP_INSTALL = YES;
				SWIFT_VERSION = 5.0;
				TARGETED_DEVICE_FAMILY = 4;
				WATCHOS_DEPLOYMENT_TARGET = 5.2;
			};
			name = Release;
		};
		8CB25D61222B52FC00E76BE0 /* Debug */ = {
			isa = XCBuildConfiguration;
			buildSettings = {
				ALWAYS_EMBED_SWIFT_STANDARD_LIBRARIES = YES;
				ASSETCATALOG_COMPILER_APPICON_NAME = AppIcon;
				CODE_SIGN_STYLE = Automatic;
				DEVELOPMENT_TEAM = 5JAGPKCDD7;
				IBSC_MODULE = SimpleBattery_WatchKit_Extension;
				INFOPLIST_FILE = "SimpleBattery WatchKit App/Info.plist";
				PRODUCT_BUNDLE_IDENTIFIER = com.jordankoch.SimpleBattery.watchkitapp;
				PRODUCT_NAME = "$(TARGET_NAME)";
				SDKROOT = watchos;
				SKIP_INSTALL = YES;
				SWIFT_VERSION = 5.0;
				TARGETED_DEVICE_FAMILY = 4;
				WATCHOS_DEPLOYMENT_TARGET = 5.2;
			};
			name = Debug;
		};
		8CB25D62222B52FC00E76BE0 /* Release */ = {
			isa = XCBuildConfiguration;
			buildSettings = {
				ALWAYS_EMBED_SWIFT_STANDARD_LIBRARIES = YES;
				ASSETCATALOG_COMPILER_APPICON_NAME = AppIcon;
				CODE_SIGN_STYLE = Automatic;
				DEVELOPMENT_TEAM = 5JAGPKCDD7;
				IBSC_MODULE = SimpleBattery_WatchKit_Extension;
				INFOPLIST_FILE = "SimpleBattery WatchKit App/Info.plist";
				PRODUCT_BUNDLE_IDENTIFIER = com.jordankoch.SimpleBattery.watchkitapp;
				PRODUCT_NAME = "$(TARGET_NAME)";
				SDKROOT = watchos;
				SKIP_INSTALL = YES;
				SWIFT_VERSION = 5.0;
				TARGETED_DEVICE_FAMILY = 4;
				WATCHOS_DEPLOYMENT_TARGET = 5.2;
			};
			name = Release;
		};
		8CB25D65222B52FC00E76BE0 /* Debug */ = {
			isa = XCBuildConfiguration;
			buildSettings = {
				ASSETCATALOG_COMPILER_APPICON_NAME = AppIcon;
				CODE_SIGN_STYLE = Automatic;
				DEVELOPMENT_TEAM = 5JAGPKCDD7;
				INFOPLIST_FILE = SimpleBattery/Info.plist;
				LD_RUNPATH_SEARCH_PATHS = (
					"$(inherited)",
					"@executable_path/Frameworks",
				);
				PRODUCT_BUNDLE_IDENTIFIER = com.jordankoch.SimpleBattery;
				PRODUCT_NAME = "$(TARGET_NAME)";
				SWIFT_VERSION = 5.0;
				TARGETED_DEVICE_FAMILY = "1,2";
			};
			name = Debug;
		};
		8CB25D66222B52FC00E76BE0 /* Release */ = {
			isa = XCBuildConfiguration;
			buildSettings = {
				ASSETCATALOG_COMPILER_APPICON_NAME = AppIcon;
				CODE_SIGN_STYLE = Automatic;
				DEVELOPMENT_TEAM = 5JAGPKCDD7;
				INFOPLIST_FILE = SimpleBattery/Info.plist;
				LD_RUNPATH_SEARCH_PATHS = (
					"$(inherited)",
					"@executable_path/Frameworks",
				);
				PRODUCT_BUNDLE_IDENTIFIER = com.jordankoch.SimpleBattery;
				PRODUCT_NAME = "$(TARGET_NAME)";
				SWIFT_VERSION = 5.0;
				TARGETED_DEVICE_FAMILY = "1,2";
			};
			name = Release;
		};
/* End XCBuildConfiguration section */

/* Begin XCConfigurationList section */
		8CB25D26222B52FB00E76BE0 /* Build configuration list for PBXProject "SimpleBattery" */ = {
			isa = XCConfigurationList;
			buildConfigurations = (
				8CB25D5A222B52FC00E76BE0 /* Debug */,
				8CB25D5B222B52FC00E76BE0 /* Release */,
			);
			defaultConfigurationIsVisible = 0;
			defaultConfigurationName = Release;
		};
		8CB25D5C222B52FC00E76BE0 /* Build configuration list for PBXNativeTarget "SimpleBattery WatchKit Extension" */ = {
			isa = XCConfigurationList;
			buildConfigurations = (
				8CB25D5D222B52FC00E76BE0 /* Debug */,
				8CB25D5E222B52FC00E76BE0 /* Release */,
			);
			defaultConfigurationIsVisible = 0;
			defaultConfigurationName = Release;
		};
		8CB25D60222B52FC00E76BE0 /* Build configuration list for PBXNativeTarget "SimpleBattery WatchKit App" */ = {
			isa = XCConfigurationList;
			buildConfigurations = (
				8CB25D61222B52FC00E76BE0 /* Debug */,
				8CB25D62222B52FC00E76BE0 /* Release */,
			);
			defaultConfigurationIsVisible = 0;
			defaultConfigurationName = Release;
		};
		8CB25D64222B52FC00E76BE0 /* Build configuration list for PBXNativeTarget "SimpleBattery" */ = {
			isa = XCConfigurationList;
			buildConfigurations = (
				8CB25D65222B52FC00E76BE0 /* Debug */,
				8CB25D66222B52FC00E76BE0 /* Release */,
			);
			defaultConfigurationIsVisible = 0;
			defaultConfigurationName = Release;
		};
/* End XCConfigurationList section */
	};
	rootObject = 8CB25D23222B52FB00E76BE0 /* Project object */;
}
